
Microsoft Visual Studio Solution File, Format Version 12.00
# Visual Studio 14
VisualStudioVersion = 14.0.24720.0
MinimumVisualStudioVersion = 10.0.40219.1
Project("{FAE04EC0-301F-11D3-BF4B-00C04F79EFBC}") = "CifradoPorTransposicion", "CifradoPorTransposicion\CifradoPorTransposicion.csproj", "{0DA673F2-BFFB-430B-A94F-1FA805BAA115}"
EndProject
Project("{FAE04EC0-301F-11D3-BF4B-00C04F79EFBC}") = "Cifrado", "Cifrado\Cifrado.csproj", "{4AF1A905-3E2D-4B60-8A6A-A65FA5F2365A}"
EndProject
Global
	GlobalSection(SolutionConfigurationPlatforms) = preSolution
		Debug|Any CPU = Debug|Any CPU
		Release|Any CPU = Release|Any CPU
	EndGlobalSection
	GlobalSection(ProjectConfigurationPlatforms) = postSolution
		{0DA673F2-BFFB-430B-A94F-1FA805BAA115}.Debug|Any CPU.ActiveCfg = Debug|Any CPU
		{0DA673F2-BFFB-430B-A94F-1FA805BAA115}.Debug|Any CPU.Build.0 = Debug|Any CPU
		{0DA673F2-BFFB-430B-A94F-1FA805BAA115}.Release|Any CPU.ActiveCfg = Release|Any CPU
		{0DA673F2-BFFB-430B-A94F-1FA805BAA115}.Release|Any CPU.Build.0 = Release|Any CPU
		{4AF1A905-3E2D-4B60-8A6A-A65FA5F2365A}.Debug|Any CPU.ActiveCfg = Debug|Any CPU
		{4AF1A905-3E2D-4B60-8A6A-A65FA5F2365A}.Debug|Any CPU.Build.0 = Debug|Any CPU
		{4AF1A905-3E2D-4B60-8A6A-A65FA5F2365A}.Release|Any CPU.ActiveCfg = Release|Any CPU
		{4AF1A905-3E2D-4B60-8A6A-A65FA5F2365A}.Release|Any CPU.Build.0 = Release|Any CPU
	EndGlobalSection
	GlobalSection(SolutionProperties) = preSolution
		HideSolutionNode = FALSE
	EndGlobalSection
EndGlobal
